// !$*UTF8*$!
{
	archiveVersion = 1;
	classes = {
	};
	objectVersion = 46;
	objects = {

/* Begin PBXBuildFile section */
		C256C7181E8114AC00374B30 /* main.m in Sources */ = {isa = PBXBuildFile; fileRef = C256C7171E8114AC00374B30 /* main.m */; };
		C256C71B1E8114AC00374B30 /* AppDelegate.m in Sources */ = {isa = PBXBuildFile; fileRef = C256C71A1E8114AC00374B30 /* AppDelegate.m */; };
		C256C71E1E8114AC00374B30 /* ViewController.m in Sources */ = {isa = PBXBuildFile; fileRef = C256C71D1E8114AC00374B30 /* ViewController.m */; };
		C256C7211E8114AC00374B30 /* Main.storyboard in Resources */ = {isa = PBXBuildFile; fileRef = C256C71F1E8114AC00374B30 /* Main.storyboard */; };
		C256C7231E8114AC00374B30 /* Assets.xcassets in Resources */ = {isa = PBXBuildFile; fileRef = C256C7221E8114AC00374B30 /* Assets.xcassets */; };
		C256C7261E8114AC00374B30 /* LaunchScreen.storyboard in Resources */ = {isa = PBXBuildFile; fileRef = C256C7241E8114AC00374B30 /* LaunchScreen.storyboard */; };
		C256C7321E81253D00374B30 /* AnimatetPicsTableViewController.m in Sources */ = {isa = PBXBuildFile; fileRef = C256C7311E81253D00374B30 /* AnimatetPicsTableViewController.m */; };
		C256C7351E81262600374B30 /* AnimationTableViewCell.m in Sources */ = {isa = PBXBuildFile; fileRef = C256C7341E81262600374B30 /* AnimationTableViewCell.m */; };
		C820651B57EDCC9B9787DA40 /* libPods-YYImageIssueDemo.a in Frameworks */ = {isa = PBXBuildFile; fileRef = C607B1437154B53B53CFFA78 /* libPods-YYImageIssueDemo.a */; };
/* End PBXBuildFile section */

/* Begin PBXFileReference section */
		029D4BD869242FF3757FB3D1 /* Pods-YYImageIssueDemo.release.xcconfig */ = {isa = PBXFileReference; includeInIndex = 1; lastKnownFileType = text.xcconfig; name = "Pods-YYImageIssueDemo.release.xcconfig"; path = "Pods/Target Support Files/Pods-YYImageIssueDemo/Pods-YYImageIssueDemo.release.xcconfig"; sourceTree = "<group>"; };
		C256C7131E8114AC00374B30 /* YYImageIssueDemo.app */ = {isa = PBXFileReference; explicitFileType = wrapper.application; includeInIndex = 0; path = YYImageIssueDemo.app; sourceTree = BUILT_PRODUCTS_DIR; };
		C256C7171E8114AC00374B30 /* main.m */ = {isa = PBXFileReference; lastKnownFileType = sourcecode.c.objc; path = main.m; sourceTree = "<group>"; };
		C256C7191E8114AC00374B30 /* AppDelegate.h */ = {isa = PBXFileReference; lastKnownFileType = sourcecode.c.h; path = AppDelegate.h; sourceTree = "<group>"; };
		C256C71A1E8114AC00374B30 /* AppDelegate.m */ = {isa = PBXFileReference; lastKnownFileType = sourcecode.c.objc; path = AppDelegate.m; sourceTree = "<group>"; };
		C256C71C1E8114AC00374B30 /* ViewController.h */ = {isa = PBXFileReference; lastKnownFileType = sourcecode.c.h; path = ViewController.h; sourceTree = "<group>"; };
		C256C71D1E8114AC00374B30 /* ViewController.m */ = {isa = PBXFileReference; lastKnownFileType = sourcecode.c.objc; path = ViewController.m; sourceTree = "<group>"; };
		C256C7201E8114AC00374B30 /* Base */ = {isa = PBXFileReference; lastKnownFileType = file.storyboard; name = Base; path = Base.lproj/Main.storyboard; sourceTree = "<group>"; };
		C256C7221E8114AC00374B30 /* Assets.xcassets */ = {isa = PBXFileReference; lastKnownFileType = folder.assetcatalog; path = Assets.xcassets; sourceTree = "<group>"; };
		C256C7251E8114AC00374B30 /* Base */ = {isa = PBXFileReference; lastKnownFileType = file.storyboard; name = Base; path = Base.lproj/LaunchScreen.storyboard; sourceTree = "<group>"; };
		C256C7271E8114AC00374B30 /* Info.plist */ = {isa = PBXFileReference; lastKnownFileType = text.plist.xml; path = Info.plist; sourceTree = "<group>"; };
		C256C7301E81253D00374B30 /* AnimatetPicsTableViewController.h */ = {isa = PBXFileReference; fileEncoding = 4; lastKnownFileType = sourcecode.c.h; path = AnimatetPicsTableViewController.h; sourceTree = "<group>"; };
		C256C7311E81253D00374B30 /* AnimatetPicsTableViewController.m */ = {isa = PBXFileReference; fileEncoding = 4; lastKnownFileType = sourcecode.c.objc; path = AnimatetPicsTableViewController.m; sourceTree = "<group>"; };
		C256C7331E81262600374B30 /* AnimationTableViewCell.h */ = {isa = PBXFileReference; fileEncoding = 4; lastKnownFileType = sourcecode.c.h; path = AnimationTableViewCell.h; sourceTree = "<group>"; };
		C256C7341E81262600374B30 /* AnimationTableViewCell.m */ = {isa = PBXFileReference; fileEncoding = 4; lastKnownFileType = sourcecode.c.objc; path = AnimationTableViewCell.m; sourceTree = "<group>"; };
		C607B1437154B53B53CFFA78 /* libPods-YYImageIssueDemo.a */ = {isa = PBXFileReference; explicitFileType = archive.ar; includeInIndex = 0; path = "libPods-YYImageIssueDemo.a"; sourceTree = BUILT_PRODUCTS_DIR; };
		F6A033219BA923BB1C3E9098 /* Pods-YYImageIssueDemo.debug.xcconfig */ = {isa = PBXFileReference; includeInIndex = 1; lastKnownFileType = text.xcconfig; name = "Pods-YYImageIssueDemo.debug.xcconfig"; path = "Pods/Target Support Files/Pods-YYImageIssueDemo/Pods-YYImageIssueDemo.debug.xcconfig"; sourceTree = "<group>"; };
/* End PBXFileReference section */

/* Begin PBXFrameworksBuildPhase section */
		C256C7101E8114AC00374B30 /* Frameworks */ = {
			isa = PBXFrameworksBuildPhase;
			buildActionMask = 2147483647;
			files = (
				C820651B57EDCC9B9787DA40 /* libPods-YYImageIssueDemo.a in Frameworks */,
			);
			runOnlyForDeploymentPostprocessing = 0;
		};
/* End PBXFrameworksBuildPhase section */

/* Begin PBXGroup section */
		54737C963285A03E037BE1AD /* Pods */ = {
			isa = PBXGroup;
			children = (
				F6A033219BA923BB1C3E9098 /* Pods-YYImageIssueDemo.debug.xcconfig */,
				029D4BD869242FF3757FB3D1 /* Pods-YYImageIssueDemo.release.xcconfig */,
			);
			name = Pods;
			sourceTree = "<group>";
		};
		6416A6100D2CCAC8B9F9D156 /* Frameworks */ = {
			isa = PBXGroup;
			children = (
				C607B1437154B53B53CFFA78 /* libPods-YYImageIssueDemo.a */,
			);
			name = Frameworks;
			sourceTree = "<group>";
		};
		C256C70A1E8114AC00374B30 = {
			isa = PBXGroup;
			children = (
				C256C7151E8114AC00374B30 /* YYImageIssueDemo */,
				C256C7141E8114AC00374B30 /* Products */,
				54737C963285A03E037BE1AD /* Pods */,
				6416A6100D2CCAC8B9F9D156 /* Frameworks */,
			);
			sourceTree = "<group>";
		};
		C256C7141E8114AC00374B30 /* Products */ = {
			isa = PBXGroup;
			children = (
				C256C7131E8114AC00374B30 /* YYImageIssueDemo.app */,
			);
			name = Products;
			sourceTree = "<group>";
		};
		C256C7151E8114AC00374B30 /* YYImageIssueDemo */ = {
			isa = PBXGroup;
			children = (
				C256C7191E8114AC00374B30 /* AppDelegate.h */,
				C256C71A1E8114AC00374B30 /* AppDelegate.m */,
				C256C71C1E8114AC00374B30 /* ViewController.h */,
				C256C71D1E8114AC00374B30 /* ViewController.m */,
				C256C7301E81253D00374B30 /* AnimatetPicsTableViewController.h */,
				C256C7311E81253D00374B30 /* AnimatetPicsTableViewController.m */,
				C256C71F1E8114AC00374B30 /* Main.storyboard */,
				C256C7221E8114AC00374B30 /* Assets.xcassets */,
				C256C7241E8114AC00374B30 /* LaunchScreen.storyboard */,
				C256C7271E8114AC00374B30 /* Info.plist */,
				C256C7161E8114AC00374B30 /* Supporting Files */,
				C256C7331E81262600374B30 /* AnimationTableViewCell.h */,
				C256C7341E81262600374B30 /* AnimationTableViewCell.m */,
			);
			path = YYImageIssueDemo;
			sourceTree = "<group>";
		};
		C256C7161E8114AC00374B30 /* Supporting Files */ = {
			isa = PBXGroup;
			children = (
				C256C7171E8114AC00374B30 /* main.m */,
			);
			name = "Supporting Files";
			sourceTree = "<group>";
		};
/* End PBXGroup section */

/* Begin PBXNativeTarget section */
		C256C7121E8114AC00374B30 /* YYImageIssueDemo */ = {
			isa = PBXNativeTarget;
			buildConfigurationList = C256C72A1E8114AC00374B30 /* Build configuration list for PBXNativeTarget "YYImageIssueDemo" */;
			buildPhases = (
				6BFC072BDFE8DE6C4657C17A /* [CP] Check Pods Manifest.lock */,
				C256C70F1E8114AC00374B30 /* Sources */,
				C256C7101E8114AC00374B30 /* Frameworks */,
				C256C7111E8114AC00374B30 /* Resources */,
				F859A7A21AEBBB36E50DA8AB /* [CP] Embed Pods Frameworks */,
				6754F915766851808901E2F2 /* [CP] Copy Pods Resources */,
			);
			buildRules = (
			);
			dependencies = (
			);
			name = YYImageIssueDemo;
			productName = YYImageIssueDemo;
			productReference = C256C7131E8114AC00374B30 /* YYImageIssueDemo.app */;
			productType = "com.apple.product-type.application";
		};
/* End PBXNativeTarget section */

/* Begin PBXProject section */
		C256C70B1E8114AC00374B30 /* Project object */ = {
			isa = PBXProject;
			attributes = {
				LastUpgradeCheck = 0820;
				ORGANIZATIONNAME = GeXiao;
				TargetAttributes = {
					C256C7121E8114AC00374B30 = {
						CreatedOnToolsVersion = 8.2.1;
						DevelopmentTeam = V8XM7G4L99;
						ProvisioningStyle = Automatic;
					};
				};
			};
			buildConfigurationList = C256C70E1E8114AC00374B30 /* Build configuration list for PBXProject "YYImageIssueDemo" */;
			compatibilityVersion = "Xcode 3.2";
			developmentRegion = English;
			hasScannedForEncodings = 0;
			knownRegions = (
				en,
				Base,
			);
			mainGroup = C256C70A1E8114AC00374B30;
			productRefGroup = C256C7141E8114AC00374B30 /* Products */;
			projectDirPath = "";
			projectRoot = "";
			targets = (
				C256C7121E8114AC00374B30 /* YYImageIssueDemo */,
			);
		};
/* End PBXProject section */

/* Begin PBXResourcesBuildPhase section */
		C256C7111E8114AC00374B30 /* Resources */ = {
			isa = PBXResourcesBuildPhase;
			buildActionMask = 2147483647;
			files = (
				C256C7261E8114AC00374B30 /* LaunchScreen.storyboard in Resources */,
				C256C7231E8114AC00374B30 /* Assets.xcassets in Resources */,
				C256C7211E8114AC00374B30 /* Main.storyboard in Resources */,
			);
			runOnlyForDeploymentPostprocessing = 0;
		};
/* End PBXResourcesBuildPhase section */

/* Begin PBXShellScriptBuildPhase section */
		6754F915766851808901E2F2 /* [CP] Copy Pods Resources */ = {
			isa = PBXShellScriptBuildPhase;
			buildActionMask = 2147483647;
			files = (
			);
			inputPaths = (
			);
			name = "[CP] Copy Pods Resources";
			outputPaths = (
			);
			runOnlyForDeploymentPostprocessing = 0;
			shellPath = /bin/sh;
			shellScript = "\"${SRCROOT}/Pods/Target Support Files/Pods-YYImageIssueDemo/Pods-YYImageIssueDemo-resources.sh\"\n";
			showEnvVarsInLog = 0;
		};
		6BFC072BDFE8DE6C4657C17A /* [CP] Check Pods Manifest.lock */ = {
			isa = PBXShellScriptBuildPhase;
			buildActionMask = 2147483647;
			files = (
			);
			inputPaths = (
			);
			name = "[CP] Check Pods Manifest.lock";
			outputPaths = (
			);
			runOnlyForDeploymentPostprocessing = 0;
			shellPath = /bin/sh;
			shellScript = "diff \"${PODS_ROOT}/../Podfile.lock\" \"${PODS_ROOT}/Manifest.lock\" > /dev/null\nif [ $? != 0 ] ; then\n    # print error to STDERR\n    echo \"error: The sandbox is not in sync with the Podfile.lock. Run 'pod install' or update your CocoaPods installation.\" >&2\n    exit 1\nfi\n";
			showEnvVarsInLog = 0;
		};
		F859A7A21AEBBB36E50DA8AB /* [CP] Embed Pods Frameworks */ = {
			isa = PBXShellScriptBuildPhase;
			buildActionMask = 2147483647;
			files = (
			);
			inputPaths = (
			);
			name = "[CP] Embed Pods Frameworks";
			outputPaths = (
			);
			runOnlyForDeploymentPostprocessing = 0;
			shellPath = /bin/sh;
			shellScript = "\"${SRCROOT}/Pods/Target Support Files/Pods-YYImageIssueDemo/Pods-YYImageIssueDemo-frameworks.sh\"\n";
			showEnvVarsInLog = 0;
		};
/* End PBXShellScriptBuildPhase section */

/* Begin PBXSourcesBuildPhase section */
		C256C70F1E8114AC00374B30 /* Sources */ = {
			isa = PBXSourcesBuildPhase;
			buildActionMask = 2147483647;
			files = (
				C256C71E1E8114AC00374B30 /* ViewController.m in Sources */,
				C256C71B1E8114AC00374B30 /* AppDelegate.m in Sources */,
				C256C7351E81262600374B30 /* AnimationTableViewCell.m in Sources */,
				C256C7181E8114AC00374B30 /* main.m in Sources */,
				C256C7321E81253D00374B30 /* AnimatetPicsTableViewController.m in Sources */,
			);
			runOnlyForDeploymentPostprocessing = 0;
		};
/* End PBXSourcesBuildPhase section */

/* Begin PBXVariantGroup section */
		C256C71F1E8114AC00374B30 /* Main.storyboard */ = {
			isa = PBXVariantGroup;
			children = (
				C256C7201E8114AC00374B30 /* Base */,
			);
			name = Main.storyboard;
			sourceTree = "<group>";
		};
		C256C7241E8114AC00374B30 /* LaunchScreen.storyboard */ = {
			isa = PBXVariantGroup;
			children = (
				C256C7251E8114AC00374B30 /* Base */,
			);
			name = LaunchScreen.storyboard;
			sourceTree = "<group>";
		};
/* End PBXVariantGroup section */

/* Begin XCBuildConfiguration section */
		C256C7281E8114AC00374B30 /* Debug */ = {
			isa = XCBuildConfiguration;
			buildSettings = {
				ALWAYS_SEARCH_USER_PATHS = NO;
				CLANG_ANALYZER_NONNULL = YES;
				CLANG_CXX_LANGUAGE_STANDARD = "gnu++0x";
				CLANG_CXX_LIBRARY = "libc++";
				CLANG_ENABLE_MODULES = YES;
				CLANG_ENABLE_OBJC_ARC = YES;
				CLANG_WARN_BOOL_CONVERSION = YES;
				CLANG_WARN_CONSTANT_CONVERSION = YES;
				CLANG_WARN_DIRECT_OBJC_ISA_USAGE = YES_ERROR;
				CLANG_WARN_DOCUMENTATION_COMMENTS = YES;
				CLANG_WARN_EMPTY_BODY = YES;
				CLANG_WARN_ENUM_CONVERSION = YES;
				CLANG_WARN_INFINITE_RECURSION = YES;
				CLANG_WARN_INT_CONVERSION = YES;
				CLANG_WARN_OBJC_ROOT_CLASS = YES_ERROR;
				CLANG_WARN_SUSPICIOUS_MOVE = YES;
				CLANG_WARN_UNREACHABLE_CODE = YES;
				CLANG_WARN__DUPLICATE_METHOD_MATCH = YES;
				"CODE_SIGN_IDENTITY[sdk=iphoneos*]" = "iPhone Developer";
				COPY_PHASE_STRIP = NO;
				DEBUG_INFORMATION_FORMAT = dwarf;
				ENABLE_STRICT_OBJC_MSGSEND = YES;
				ENABLE_TESTABILITY = YES;
				GCC_C_LANGUAGE_STANDARD = gnu99;
				GCC_DYNAMIC_NO_PIC = NO;
				GCC_NO_COMMON_BLOCKS = YES;
				GCC_OPTIMIZATION_LEVEL = 0;
				GCC_PREPROCESSOR_DEFINITIONS = (
					"DEBUG=1",
					"$(inherited)",
				);
				GCC_WARN_64_TO_32_BIT_CONVERSION = YES;
				GCC_WARN_ABOUT_RETURN_TYPE = YES_ERROR;
				GCC_WARN_UNDECLARED_SELECTOR = YES;
				GCC_WARN_UNINITIALIZED_AUTOS = YES_AGGRESSIVE;
				GCC_WARN_UNUSED_FUNCTION = YES;
				GCC_WARN_UNUSED_VARIABLE = YES;
				IPHONEOS_DEPLOYMENT_TARGET = 10.2;
				MTL_ENABLE_DEBUG_INFO = YES;
				ONLY_ACTIVE_ARCH = YES;
				SDKROOT = iphoneos;
				TARGETED_DEVICE_FAMILY = "1,2";
			};
			name = Debug;
		};
		C256C7291E8114AC00374B30 /* Release */ = {
			isa = XCBuildConfiguration;
			buildSettings = {
				ALWAYS_SEARCH_USER_PATHS = NO;
				CLANG_ANALYZER_NONNULL = YES;
				CLANG_CXX_LANGUAGE_STANDARD = "gnu++0x";
				CLANG_CXX_LIBRARY = "libc++";
				CLANG_ENABLE_MODULES = YES;
				CLANG_ENABLE_OBJC_ARC = YES;
				CLANG_WARN_BOOL_CONVERSION = YES;
				CLANG_WARN_CONSTANT_CONVERSION = YES;
				CLANG_WARN_DIRECT_OBJC_ISA_USAGE = YES_ERROR;
				CLANG_WARN_DOCUMENTATION_COMMENTS = YES;
				CLANG_WARN_EMPTY_BODY = YES;
				CLANG_WARN_ENUM_CONVERSION = YES;
				CLANG_WARN_INFINITE_RECURSION = YES;
				CLANG_WARN_INT_CONVERSION = YES;
				CLANG_WARN_OBJC_ROOT_CLASS = YES_ERROR;
				CLANG_WARN_SUSPICIOUS_MOVE = YES;
				CLANG_WARN_UNREACHABLE_CODE = YES;
				CLANG_WARN__DUPLICATE_METHOD_MATCH = YES;
				"CODE_SIGN_IDENTITY[sdk=iphoneos*]" = "iPhone Developer";
				COPY_PHASE_STRIP = NO;
				DEBUG_INFORMATION_FORMAT = "dwarf-with-dsym";
				ENABLE_NS_ASSERTIONS = NO;
				ENABLE_STRICT_OBJC_MSGSEND = YES;
				GCC_C_LANGUAGE_STANDARD = gnu99;
				GCC_NO_COMMON_BLOCKS = YES;
				GCC_WARN_64_TO_32_BIT_CONVERSION = YES;
				GCC_WARN_ABOUT_RETURN_TYPE = YES_ERROR;
				GCC_WARN_UNDECLARED_SELECTOR = YES;
				GCC_WARN_UNINITIALIZED_AUTOS = YES_AGGRESSIVE;
				GCC_WARN_UNUSED_FUNCTION = YES;
				GCC_WARN_UNUSED_VARIABLE = YES;
				IPHONEOS_DEPLOYMENT_TARGET = 10.2;
				MTL_ENABLE_DEBUG_INFO = NO;
				SDKROOT = iphoneos;
				TARGETED_DEVICE_FAMILY = "1,2";
				VALIDATE_PRODUCT = YES;
			};
			name = Release;
		};
		C256C72B1E8114AC00374B30 /* Debug */ = {
			isa = XCBuildConfiguration;
			baseConfigurationReference = F6A033219BA923BB1C3E9098 /* Pods-YYImageIssueDemo.debug.xcconfig */;
			buildSettings = {
				ASSETCATALOG_COMPILER_APPICON_NAME = AppIcon;
				DEVELOPMENT_TEAM = V8XM7G4L99;
				INFOPLIST_FILE = YYImageIssueDemo/Info.plist;
				IPHONEOS_DEPLOYMENT_TARGET = 8.0;
				LD_RUNPATH_SEARCH_PATHS = "$(inherited) @executable_path/Frameworks";
				PRODUCT_BUNDLE_IDENTIFIER = me.gexiao.YYImageIssueDemo;
				PRODUCT_NAME = "$(TARGET_NAME)";
			};
			name = Debug;
		};
		C256C72C1E8114AC00374B30 /* Release */ = {
			isa = XCBuildConfiguration;
			baseConfigurationReference = 029D4BD869242FF3757FB3D1 /* Pods-YYImageIssueDemo.release.xcconfig */;
			buildSettings = {
				ASSETCATALOG_COMPILER_APPICON_NAME = AppIcon;
				DEVELOPMENT_TEAM = V8XM7G4L99;
				INFOPLIST_FILE = YYImageIssueDemo/Info.plist;
				IPHONEOS_DEPLOYMENT_TARGET = 8.0;
				LD_RUNPATH_SEARCH_PATHS = "$(inherited) @executable_path/Frameworks";
				PRODUCT_BUNDLE_IDENTIFIER = me.gexiao.YYImageIssueDemo;
				PRODUCT_NAME = "$(TARGET_NAME)";
			};
			name = Release;
		};
/* End XCBuildConfiguration section */

/* Begin XCConfigurationList section */
		C256C70E1E8114AC00374B30 /* Build configuration list for PBXProject "YYImageIssueDemo" */ = {
			isa = XCConfigurationList;
			buildConfigurations = (
				C256C7281E8114AC00374B30 /* Debug */,
				C256C7291E8114AC00374B30 /* Release */,
			);
			defaultConfigurationIsVisible = 0;
			defaultConfigurationName = Release;
		};
		C256C72A1E8114AC00374B30 /* Build configuration list for PBXNativeTarget "YYImageIssueDemo" */ = {
			isa = XCConfigurationList;
			buildConfigurations = (
				C256C72B1E8114AC00374B30 /* Debug */,
				C256C72C1E8114AC00374B30 /* Release */,
			);
			defaultConfigurationIsVisible = 0;
			defaultConfigurationName = Release;
		};
/* End XCConfigurationList section */
	};
	rootObject = C256C70B1E8114AC00374B30 /* Project object */;
}
